
Microsoft Visual Studio Solution File, Format Version 12.00
# Visual Studio Version 16
VisualStudioVersion = 16.0.29728.190
MinimumVisualStudioVersion = 10.0.40219.1
Project("{FAE04EC0-301F-11D3-BF4B-00C04F79EFBC}") = "OnlineBooksStore", "OnlineBooksStore\OnlineBooksStore.csproj", "{AA181BB5-A193-46B0-9F10-ED6610F4D1FD}"
EndProject
Global
	GlobalSection(SolutionConfigurationPlatforms) = preSolution
		Debug|Any CPU = Debug|Any CPU
		Release|Any CPU = Release|Any CPU
	EndGlobalSection
	GlobalSection(ProjectConfigurationPlatforms) = postSolution
		{AA181BB5-A193-46B0-9F10-ED6610F4D1FD}.Debug|Any CPU.ActiveCfg = Debug|Any CPU
		{AA181BB5-A193-46B0-9F10-ED6610F4D1FD}.Debug|Any CPU.Build.0 = Debug|Any CPU
		{AA181BB5-A193-46B0-9F10-ED6610F4D1FD}.Release|Any CPU.ActiveCfg = Release|Any CPU
		{AA181BB5-A193-46B0-9F10-ED6610F4D1FD}.Release|Any CPU.Build.0 = Release|Any CPU
	EndGlobalSection
	GlobalSection(SolutionProperties) = preSolution
		HideSolutionNode = FALSE
	EndGlobalSection
	GlobalSection(ExtensibilityGlobals) = postSolution
		SolutionGuid = {F8DC78B0-D612-44A7-A1E7-8BF8A0240640}
	EndGlobalSection
EndGlobal
